
Microsoft Visual Studio Solution File, Format Version 12.00
# Visual Studio Version 16
VisualStudioVersion = 16.0.30804.86
MinimumVisualStudioVersion = 10.0.40219.1
Project("{FAE04EC0-301F-11D3-BF4B-00C04F79EFBC}") = "HW_1_8", "HW_1_8\HW_1_8.csproj", "{DAB53FD6-D980-48A7-9060-27DCF3C9F2E1}"
EndProject
Global
	GlobalSection(SolutionConfigurationPlatforms) = preSolution
		Debug|Any CPU = Debug|Any CPU
		Release|Any CPU = Release|Any CPU
	EndGlobalSection
	GlobalSection(ProjectConfigurationPlatforms) = postSolution
		{DAB53FD6-D980-48A7-9060-27DCF3C9F2E1}.Debug|Any CPU.ActiveCfg = Debug|Any CPU
		{DAB53FD6-D980-48A7-9060-27DCF3C9F2E1}.Debug|Any CPU.Build.0 = Debug|Any CPU
		{DAB53FD6-D980-48A7-9060-27DCF3C9F2E1}.Release|Any CPU.ActiveCfg = Release|Any CPU
		{DAB53FD6-D980-48A7-9060-27DCF3C9F2E1}.Release|Any CPU.Build.0 = Release|Any CPU
	EndGlobalSection
	GlobalSection(SolutionProperties) = preSolution
		HideSolutionNode = FALSE
	EndGlobalSection
	GlobalSection(ExtensibilityGlobals) = postSolution
		SolutionGuid = {24C769F4-A7C4-4D62-8F4E-580877E12F24}
	EndGlobalSection
EndGlobal
