
Microsoft Visual Studio Solution File, Format Version 12.00
# Visual Studio Version 16
VisualStudioVersion = 16.0.30804.86
MinimumVisualStudioVersion = 10.0.40219.1
Project("{FAE04EC0-301F-11D3-BF4B-00C04F79EFBC}") = "HW_2_2_1", "HW_2_2\HW_2_2_1.csproj", "{CA60C6BC-F3EF-435B-8D36-28A2E47E3F57}"
EndProject
Project("{FAE04EC0-301F-11D3-BF4B-00C04F79EFBC}") = "HW_2_2_2", "HW_2_2_2\HW_2_2_2.csproj", "{54516C55-2524-4F45-825D-A53D2FEC7057}"
EndProject
Global
	GlobalSection(SolutionConfigurationPlatforms) = preSolution
		Debug|Any CPU = Debug|Any CPU
		Release|Any CPU = Release|Any CPU
	EndGlobalSection
	GlobalSection(ProjectConfigurationPlatforms) = postSolution
		{CA60C6BC-F3EF-435B-8D36-28A2E47E3F57}.Debug|Any CPU.ActiveCfg = Debug|Any CPU
		{CA60C6BC-F3EF-435B-8D36-28A2E47E3F57}.Debug|Any CPU.Build.0 = Debug|Any CPU
		{CA60C6BC-F3EF-435B-8D36-28A2E47E3F57}.Release|Any CPU.ActiveCfg = Release|Any CPU
		{CA60C6BC-F3EF-435B-8D36-28A2E47E3F57}.Release|Any CPU.Build.0 = Release|Any CPU
		{54516C55-2524-4F45-825D-A53D2FEC7057}.Debug|Any CPU.ActiveCfg = Debug|Any CPU
		{54516C55-2524-4F45-825D-A53D2FEC7057}.Debug|Any CPU.Build.0 = Debug|Any CPU
		{54516C55-2524-4F45-825D-A53D2FEC7057}.Release|Any CPU.ActiveCfg = Release|Any CPU
		{54516C55-2524-4F45-825D-A53D2FEC7057}.Release|Any CPU.Build.0 = Release|Any CPU
	EndGlobalSection
	GlobalSection(SolutionProperties) = preSolution
		HideSolutionNode = FALSE
	EndGlobalSection
	GlobalSection(ExtensibilityGlobals) = postSolution
		SolutionGuid = {A84BCB58-5127-4611-A934-02E1BBB3ED9A}
	EndGlobalSection
EndGlobal
