
Microsoft Visual Studio Solution File, Format Version 12.00
# Visual Studio Version 16
VisualStudioVersion = 16.0.30804.86
MinimumVisualStudioVersion = 10.0.40219.1
Project("{FAE04EC0-301F-11D3-BF4B-00C04F79EFBC}") = "HW_2_3", "HW_2_3\HW_2_3.csproj", "{DB6D86CD-8CB0-4BCF-8569-63D1EB4451FE}"
EndProject
Global
	GlobalSection(SolutionConfigurationPlatforms) = preSolution
		Debug|Any CPU = Debug|Any CPU
		Release|Any CPU = Release|Any CPU
	EndGlobalSection
	GlobalSection(ProjectConfigurationPlatforms) = postSolution
		{DB6D86CD-8CB0-4BCF-8569-63D1EB4451FE}.Debug|Any CPU.ActiveCfg = Debug|Any CPU
		{DB6D86CD-8CB0-4BCF-8569-63D1EB4451FE}.Debug|Any CPU.Build.0 = Debug|Any CPU
		{DB6D86CD-8CB0-4BCF-8569-63D1EB4451FE}.Release|Any CPU.ActiveCfg = Release|Any CPU
		{DB6D86CD-8CB0-4BCF-8569-63D1EB4451FE}.Release|Any CPU.Build.0 = Release|Any CPU
	EndGlobalSection
	GlobalSection(SolutionProperties) = preSolution
		HideSolutionNode = FALSE
	EndGlobalSection
	GlobalSection(ExtensibilityGlobals) = postSolution
		SolutionGuid = {E487746F-EA95-4AE2-806C-DD171A06854B}
	EndGlobalSection
EndGlobal
